DEPENDENCIES
  rvm
    git: git://github.com/fnichol/chef-rvm.git
    revision: 08ec265f277e112a5a2e4b201bd32ddfe1bb968c
  scratchify
    path: .
    metadata: true
  user

GRAPH
  chef_gem (0.1.0)
  java (1.35.0)
  rvm (0.10.1)
    chef_gem (>= 0.0.0)
    java (>= 0.0.0)
  scratchify (0.1.0)
    rvm (>= 0.0.0)
    user (>= 0.0.0)
  user (0.4.2)
